
Microsoft Visual Studio Solution File, Format Version 12.00
# Visual Studio Version 17
VisualStudioVersion = 17.14.36616.10 d17.14
MinimumVisualStudioVersion = 10.0.40219.1
Project("{FAE04EC0-301F-11D3-BF4B-00C04F79EFBC}") = "CoreAPI", "CoreAPI\CoreAPI.csproj", "{333A2407-4ACD-4CC1-81E5-1792D97BB957}"
EndProject
Global
	GlobalSection(SolutionConfigurationPlatforms) = preSolution
		Debug|Any CPU = Debug|Any CPU
		Release|Any CPU = Release|Any CPU
	EndGlobalSection
	GlobalSection(ProjectConfigurationPlatforms) = postSolution
		{333A2407-4ACD-4CC1-81E5-1792D97BB957}.Debug|Any CPU.ActiveCfg = Debug|Any CPU
		{333A2407-4ACD-4CC1-81E5-1792D97BB957}.Debug|Any CPU.Build.0 = Debug|Any CPU
		{333A2407-4ACD-4CC1-81E5-1792D97BB957}.Release|Any CPU.ActiveCfg = Release|Any CPU
		{333A2407-4ACD-4CC1-81E5-1792D97BB957}.Release|Any CPU.Build.0 = Release|Any CPU
	EndGlobalSection
	GlobalSection(SolutionProperties) = preSolution
		HideSolutionNode = FALSE
	EndGlobalSection
	GlobalSection(ExtensibilityGlobals) = postSolution
		SolutionGuid = {998043E1-01CD-45CD-8057-D030F982C390}
	EndGlobalSection
EndGlobal
